github.com/bingoohuang/strcase v0.0.0-20190617103903-e17a4f3d4134 h1:mV49RTsb0p9XTsoZGu8LzcwmVNA1v0SROlgBAUUdGLc=
github.com/bingoohuang/strcase v0.0.0-20190617103903-e17a4f3d4134/go.mod h1:WYrcjWhT2QgbWZcYzfYqWxaxut2hPFa6if/zYwEEEio=
github.com/mitchellh/go-homedir v1.1.0 h1:lukF9ziXFxDFPkA1vsr5zpc1XuPDn/wFntq5mG+4E0Y=
github.com/mitchellh/go-homedir v1.1.0/go.mod h1:SfyaCUpYCn1Vlf4IUYiD9fPX4A5wJrkLzIz1N1q0pr0=
